
Microsoft Visual Studio Solution File, Format Version 12.00
# Visual Studio Version 16
VisualStudioVersion = 16.0.31424.327
MinimumVisualStudioVersion = 10.0.40219.1
Project("{9A19103F-16F7-4668-BE54-9A1E7A4F7556}") = "CalculatorTheAreaOfShapes", "CalculatorTheAreaOfShapes\CalculatorTheAreaOfShapes.csproj", "{93EF05B3-6395-405C-9C93-D9F184ABC8D1}"
EndProject
Project("{9A19103F-16F7-4668-BE54-9A1E7A4F7556}") = "MathTaskClassLibraryCircle", "MathTaskClassLibraryCircle\MathTaskClassLibraryCircle.csproj", "{87DB1ED1-4134-4B45-ABCD-FD4FE9F37661}"
EndProject
Project("{9A19103F-16F7-4668-BE54-9A1E7A4F7556}") = "MathTaskClassCircleTests", "MathTaskClassCircleTests\MathTaskClassCircleTests.csproj", "{65C45406-9DC7-4533-BD6B-979DD117237D}"
EndProject
Project("{9A19103F-16F7-4668-BE54-9A1E7A4F7556}") = "MathTaskClassLibraryTriangle", "MathTaskClassLibraryTriangle\MathTaskClassLibraryTriangle.csproj", "{4C8E3568-9F56-4316-9F49-66ACF3185100}"
EndProject
Project("{9A19103F-16F7-4668-BE54-9A1E7A4F7556}") = "MathTaskClassTriangleTests", "MathTaskClassTriangleTests\MathTaskClassTriangleTests.csproj", "{12C7603E-33BA-4823-9DD6-6DFBB624242B}"
EndProject
Global
	GlobalSection(SolutionConfigurationPlatforms) = preSolution
		Debug|Any CPU = Debug|Any CPU
		Release|Any CPU = Release|Any CPU
	EndGlobalSection
	GlobalSection(ProjectConfigurationPlatforms) = postSolution
		{93EF05B3-6395-405C-9C93-D9F184ABC8D1}.Debug|Any CPU.ActiveCfg = Debug|Any CPU
		{93EF05B3-6395-405C-9C93-D9F184ABC8D1}.Debug|Any CPU.Build.0 = Debug|Any CPU
		{93EF05B3-6395-405C-9C93-D9F184ABC8D1}.Release|Any CPU.ActiveCfg = Release|Any CPU
		{93EF05B3-6395-405C-9C93-D9F184ABC8D1}.Release|Any CPU.Build.0 = Release|Any CPU
		{87DB1ED1-4134-4B45-ABCD-FD4FE9F37661}.Debug|Any CPU.ActiveCfg = Debug|Any CPU
		{87DB1ED1-4134-4B45-ABCD-FD4FE9F37661}.Debug|Any CPU.Build.0 = Debug|Any CPU
		{87DB1ED1-4134-4B45-ABCD-FD4FE9F37661}.Release|Any CPU.ActiveCfg = Release|Any CPU
		{87DB1ED1-4134-4B45-ABCD-FD4FE9F37661}.Release|Any CPU.Build.0 = Release|Any CPU
		{65C45406-9DC7-4533-BD6B-979DD117237D}.Debug|Any CPU.ActiveCfg = Debug|Any CPU
		{65C45406-9DC7-4533-BD6B-979DD117237D}.Debug|Any CPU.Build.0 = Debug|Any CPU
		{65C45406-9DC7-4533-BD6B-979DD117237D}.Release|Any CPU.ActiveCfg = Release|Any CPU
		{65C45406-9DC7-4533-BD6B-979DD117237D}.Release|Any CPU.Build.0 = Release|Any CPU
		{4C8E3568-9F56-4316-9F49-66ACF3185100}.Debug|Any CPU.ActiveCfg = Debug|Any CPU
		{4C8E3568-9F56-4316-9F49-66ACF3185100}.Debug|Any CPU.Build.0 = Debug|Any CPU
		{4C8E3568-9F56-4316-9F49-66ACF3185100}.Release|Any CPU.ActiveCfg = Release|Any CPU
		{4C8E3568-9F56-4316-9F49-66ACF3185100}.Release|Any CPU.Build.0 = Release|Any CPU
		{12C7603E-33BA-4823-9DD6-6DFBB624242B}.Debug|Any CPU.ActiveCfg = Debug|Any CPU
		{12C7603E-33BA-4823-9DD6-6DFBB624242B}.Debug|Any CPU.Build.0 = Debug|Any CPU
		{12C7603E-33BA-4823-9DD6-6DFBB624242B}.Release|Any CPU.ActiveCfg = Release|Any CPU
		{12C7603E-33BA-4823-9DD6-6DFBB624242B}.Release|Any CPU.Build.0 = Release|Any CPU
	EndGlobalSection
	GlobalSection(SolutionProperties) = preSolution
		HideSolutionNode = FALSE
	EndGlobalSection
	GlobalSection(ExtensibilityGlobals) = postSolution
		SolutionGuid = {2AE8E295-861F-4133-8B5F-E32C80413FD6}
	EndGlobalSection
EndGlobal
